# THIS IS AN AUTOGENERATED FILE. DO NOT EDIT THIS FILE DIRECTLY.
# yarn lockfile v1


"@types/node@^16.4.3":
  version "16.11.49"
  resolved "https://registry.yarnpkg.com/@types/node/-/node-16.11.49.tgz#560b1ea774b61e19a89c3fc72d2dcaa3863f38b2"
  integrity sha512-Abq9fBviLV93OiXMu+f6r0elxCzRwc0RC5f99cU892uBITL44pTvgvEqlRlPRi8EGcO1z7Cp8A4d0s/p3J/+Nw==

typescript@^4.3.5:
  version "4.7.4"
  resolved "https://registry.yarnpkg.com/typescript/-/typescript-4.7.4.tgz#1a88596d1cf47d59507a1bcdfb5b9dfe4d488235"
  integrity sha512-C0WQT0gezHuw6AdY1M2jxUO83Rjf0HP7Sk1DtXj6j1EwkQNZrHAg2XPWlq62oqEhYvONq5pkC2Y9oPljWToLmQ==

yarn@^1.22.19:
  version "1.22.19"
  resolved "https://registry.yarnpkg.com/yarn/-/yarn-1.22.19.tgz#4ba7fc5c6e704fce2066ecbfb0b0d8976fe62447"
  integrity sha512-/0V5q0WbslqnwP91tirOvldvYISzaqhClxzyUKXYxs07yUILIs5jx/k6CFe8bvKSkds5w+eiOqta39Wk3WxdcQ==
